
Microsoft Visual Studio Solution File, Format Version 12.00
# Visual Studio 15
VisualStudioVersion = 15.0.28107.0
MinimumVisualStudioVersion = 10.0.40219.1
Project("{FAE04EC0-301F-11D3-BF4B-00C04F79EFBC}") = "Sales.Android", "Sales\Sales.Android\Sales.Android.csproj", "{4BEED118-A052-44E7-B859-F60F883ECB4B}"
EndProject
Project("{FAE04EC0-301F-11D3-BF4B-00C04F79EFBC}") = "Sales.iOS", "Sales\Sales.iOS\Sales.iOS.csproj", "{26C3C0D2-E566-4267-81D5-4EC2960185CB}"
EndProject
Project("{9A19103F-16F7-4668-BE54-9A1E7A4F7556}") = "Sales", "Sales\Sales\Sales.csproj", "{DE122B20-C9C2-422F-BD61-9538B475874D}"
EndProject
Project("{FAE04EC0-301F-11D3-BF4B-00C04F79EFBC}") = "Sales.Backend", "Sales.Backend\Sales.Backend.csproj", "{05821C89-1937-46A9-86B3-F4192AC3A9C9}"
EndProject
Project("{FAE04EC0-301F-11D3-BF4B-00C04F79EFBC}") = "Sales.API", "Sales.API\Sales.API.csproj", "{536030BC-9FE4-4F83-A80F-AD40C2B7367C}"
EndProject
Project("{FAE04EC0-301F-11D3-BF4B-00C04F79EFBC}") = "Sales.Domain", "Sales.Domain\Sales.Domain.csproj", "{A4672076-1870-48C8-BA40-6B3CE06DDE1C}"
EndProject
Project("{FAE04EC0-301F-11D3-BF4B-00C04F79EFBC}") = "Sales.Common", "Sales.Common\Sales.Common.csproj", "{0042CE51-0A91-4BBB-A7DA-3C90520A88D3}"
EndProject
Global
	GlobalSection(SolutionConfigurationPlatforms) = preSolution
		Ad-Hoc|Any CPU = Ad-Hoc|Any CPU
		Ad-Hoc|ARM = Ad-Hoc|ARM
		Ad-Hoc|iPhone = Ad-Hoc|iPhone
		Ad-Hoc|iPhoneSimulator = Ad-Hoc|iPhoneSimulator
		Ad-Hoc|x64 = Ad-Hoc|x64
		Ad-Hoc|x86 = Ad-Hoc|x86
		AppStore|Any CPU = AppStore|Any CPU
		AppStore|ARM = AppStore|ARM
		AppStore|iPhone = AppStore|iPhone
		AppStore|iPhoneSimulator = AppStore|iPhoneSimulator
		AppStore|x64 = AppStore|x64
		AppStore|x86 = AppStore|x86
		Debug|Any CPU = Debug|Any CPU
		Debug|ARM = Debug|ARM
		Debug|iPhone = Debug|iPhone
		Debug|iPhoneSimulator = Debug|iPhoneSimulator
		Debug|x64 = Debug|x64
		Debug|x86 = Debug|x86
		Release|Any CPU = Release|Any CPU
		Release|ARM = Release|ARM
		Release|iPhone = Release|iPhone
		Release|iPhoneSimulator = Release|iPhoneSimulator
		Release|x64 = Release|x64
		Release|x86 = Release|x86
	EndGlobalSection
	GlobalSection(ProjectConfigurationPlatforms) = postSolution
		{4BEED118-A052-44E7-B859-F60F883ECB4B}.Ad-Hoc|Any CPU.ActiveCfg = Release|Any CPU
		{4BEED118-A052-44E7-B859-F60F883ECB4B}.Ad-Hoc|Any CPU.Build.0 = Release|Any CPU
		{4BEED118-A052-44E7-B859-F60F883ECB4B}.Ad-Hoc|Any CPU.Deploy.0 = Release|Any CPU
		{4BEED118-A052-44E7-B859-F60F883ECB4B}.Ad-Hoc|ARM.ActiveCfg = Release|Any CPU
		{4BEED118-A052-44E7-B859-F60F883ECB4B}.Ad-Hoc|ARM.Build.0 = Release|Any CPU
		{4BEED118-A052-44E7-B859-F60F883ECB4B}.Ad-Hoc|ARM.Deploy.0 = Release|Any CPU
		{4BEED118-A052-44E7-B859-F60F883ECB4B}.Ad-Hoc|iPhone.ActiveCfg = Release|Any CPU
		{4BEED118-A052-44E7-B859-F60F883ECB4B}.Ad-Hoc|iPhone.Build.0 = Release|Any CPU
		{4BEED118-A052-44E7-B859-F60F883ECB4B}.Ad-Hoc|iPhone.Deploy.0 = Release|Any CPU
		{4BEED118-A052-44E7-B859-F60F883ECB4B}.Ad-Hoc|iPhoneSimulator.ActiveCfg = Release|Any CPU
		{4BEED118-A052-44E7-B859-F60F883ECB4B}.Ad-Hoc|iPhoneSimulator.Build.0 = Release|Any CPU
		{4BEED118-A052-44E7-B859-F60F883ECB4B}.Ad-Hoc|iPhoneSimulator.Deploy.0 = Release|Any CPU
		{4BEED118-A052-44E7-B859-F60F883ECB4B}.Ad-Hoc|x64.ActiveCfg = Release|Any CPU
		{4BEED118-A052-44E7-B859-F60F883ECB4B}.Ad-Hoc|x64.Build.0 = Release|Any CPU
		{4BEED118-A052-44E7-B859-F60F883ECB4B}.Ad-Hoc|x64.Deploy.0 = Release|Any CPU
		{4BEED118-A052-44E7-B859-F60F883ECB4B}.Ad-Hoc|x86.ActiveCfg = Release|Any CPU
		{4BEED118-A052-44E7-B859-F60F883ECB4B}.Ad-Hoc|x86.Build.0 = Release|Any CPU
		{4BEED118-A052-44E7-B859-F60F883ECB4B}.Ad-Hoc|x86.Deploy.0 = Release|Any CPU
		{4BEED118-A052-44E7-B859-F60F883ECB4B}.AppStore|Any CPU.ActiveCfg = Release|Any CPU
		{4BEED118-A052-44E7-B859-F60F883ECB4B}.AppStore|Any CPU.Build.0 = Release|Any CPU
		{4BEED118-A052-44E7-B859-F60F883ECB4B}.AppStore|Any CPU.Deploy.0 = Release|Any CPU
		{4BEED118-A052-44E7-B859-F60F883ECB4B}.AppStore|ARM.ActiveCfg = Release|Any CPU
		{4BEED118-A052-44E7-B859-F60F883ECB4B}.AppStore|ARM.Build.0 = Release|Any CPU
		{4BEED118-A052-44E7-B859-F60F883ECB4B}.AppStore|ARM.Deploy.0 = Release|Any CPU
		{4BEED118-A052-44E7-B859-F60F883ECB4B}.AppStore|iPhone.ActiveCfg = Release|Any CPU
		{4BEED118-A052-44E7-B859-F60F883ECB4B}.AppStore|iPhone.Build.0 = Release|Any CPU
		{4BEED118-A052-44E7-B859-F60F883ECB4B}.AppStore|iPhone.Deploy.0 = Release|Any CPU
		{4BEED118-A052-44E7-B859-F60F883ECB4B}.AppStore|iPhoneSimulator.ActiveCfg = Release|Any CPU
		{4BEED118-A052-44E7-B859-F60F883ECB4B}.AppStore|iPhoneSimulator.Build.0 = Release|Any CPU
		{4BEED118-A052-44E7-B859-F60F883ECB4B}.AppStore|iPhoneSimulator.Deploy.0 = Release|Any CPU
		{4BEED118-A052-44E7-B859-F60F883ECB4B}.AppStore|x64.ActiveCfg = Release|Any CPU
		{4BEED118-A052-44E7-B859-F60F883ECB4B}.AppStore|x64.Build.0 = Release|Any CPU
		{4BEED118-A052-44E7-B859-F60F883ECB4B}.AppStore|x64.Deploy.0 = Release|Any CPU
		{4BEED118-A052-44E7-B859-F60F883ECB4B}.AppStore|x86.ActiveCfg = Release|Any CPU
		{4BEED118-A052-44E7-B859-F60F883ECB4B}.AppStore|x86.Build.0 = Release|Any CPU
		{4BEED118-A052-44E7-B859-F60F883ECB4B}.AppStore|x86.Deploy.0 = Release|Any CPU
		{4BEED118-A052-44E7-B859-F60F883ECB4B}.Debug|Any CPU.ActiveCfg = Debug|Any CPU
		{4BEED118-A052-44E7-B859-F60F883ECB4B}.Debug|Any CPU.Build.0 = Debug|Any CPU
		{4BEED118-A052-44E7-B859-F60F883ECB4B}.Debug|Any CPU.Deploy.0 = Debug|Any CPU
		{4BEED118-A052-44E7-B859-F60F883ECB4B}.Debug|ARM.ActiveCfg = Debug|Any CPU
		{4BEED118-A052-44E7-B859-F60F883ECB4B}.Debug|ARM.Build.0 = Debug|Any CPU
		{4BEED118-A052-44E7-B859-F60F883ECB4B}.Debug|ARM.Deploy.0 = Debug|Any CPU
		{4BEED118-A052-44E7-B859-F60F883ECB4B}.Debug|iPhone.ActiveCfg = Debug|Any CPU
		{4BEED118-A052-44E7-B859-F60F883ECB4B}.Debug|iPhone.Build.0 = Debug|Any CPU
		{4BEED118-A052-44E7-B859-F60F883ECB4B}.Debug|iPhone.Deploy.0 = Debug|Any CPU
		{4BEED118-A052-44E7-B859-F60F883ECB4B}.Debug|iPhoneSimulator.ActiveCfg = Debug|Any CPU
		{4BEED118-A052-44E7-B859-F60F883ECB4B}.Debug|iPhoneSimulator.Build.0 = Debug|Any CPU
		{4BEED118-A052-44E7-B859-F60F883ECB4B}.Debug|iPhoneSimulator.Deploy.0 = Debug|Any CPU
		{4BEED118-A052-44E7-B859-F60F883ECB4B}.Debug|x64.ActiveCfg = Debug|Any CPU
		{4BEED118-A052-44E7-B859-F60F883ECB4B}.Debug|x64.Build.0 = Debug|Any CPU
		{4BEED118-A052-44E7-B859-F60F883ECB4B}.Debug|x64.Deploy.0 = Debug|Any CPU
		{4BEED118-A052-44E7-B859-F60F883ECB4B}.Debug|x86.ActiveCfg = Debug|Any CPU
		{4BEED118-A052-44E7-B859-F60F883ECB4B}.Debug|x86.Build.0 = Debug|Any CPU
		{4BEED118-A052-44E7-B859-F60F883ECB4B}.Debug|x86.Deploy.0 = Debug|Any CPU
		{4BEED118-A052-44E7-B859-F60F883ECB4B}.Release|Any CPU.ActiveCfg = Release|Any CPU
		{4BEED118-A052-44E7-B859-F60F883ECB4B}.Release|Any CPU.Build.0 = Release|Any CPU
		{4BEED118-A052-44E7-B859-F60F883ECB4B}.Release|Any CPU.Deploy.0 = Release|Any CPU
		{4BEED118-A052-44E7-B859-F60F883ECB4B}.Release|ARM.ActiveCfg = Release|Any CPU
		{4BEED118-A052-44E7-B859-F60F883ECB4B}.Release|ARM.Build.0 = Release|Any CPU
		{4BEED118-A052-44E7-B859-F60F883ECB4B}.Release|ARM.Deploy.0 = Release|Any CPU
		{4BEED118-A052-44E7-B859-F60F883ECB4B}.Release|iPhone.ActiveCfg = Release|Any CPU
		{4BEED118-A052-44E7-B859-F60F883ECB4B}.Release|iPhone.Build.0 = Release|Any CPU
		{4BEED118-A052-44E7-B859-F60F883ECB4B}.Release|iPhone.Deploy.0 = Release|Any CPU
		{4BEED118-A052-44E7-B859-F60F883ECB4B}.Release|iPhoneSimulator.ActiveCfg = Release|Any CPU
		{4BEED118-A052-44E7-B859-F60F883ECB4B}.Release|iPhoneSimulator.Build.0 = Release|Any CPU
		{4BEED118-A052-44E7-B859-F60F883ECB4B}.Release|iPhoneSimulator.Deploy.0 = Release|Any CPU
		{4BEED118-A052-44E7-B859-F60F883ECB4B}.Release|x64.ActiveCfg = Release|Any CPU
		{4BEED118-A052-44E7-B859-F60F883ECB4B}.Release|x64.Build.0 = Release|Any CPU
		{4BEED118-A052-44E7-B859-F60F883ECB4B}.Release|x64.Deploy.0 = Release|Any CPU
		{4BEED118-A052-44E7-B859-F60F883ECB4B}.Release|x86.ActiveCfg = Release|Any CPU
		{4BEED118-A052-44E7-B859-F60F883ECB4B}.Release|x86.Build.0 = Release|Any CPU
		{4BEED118-A052-44E7-B859-F60F883ECB4B}.Release|x86.Deploy.0 = Release|Any CPU
		{26C3C0D2-E566-4267-81D5-4EC2960185CB}.Ad-Hoc|Any CPU.ActiveCfg = Ad-Hoc|iPhone
		{26C3C0D2-E566-4267-81D5-4EC2960185CB}.Ad-Hoc|Any CPU.Build.0 = Ad-Hoc|iPhone
		{26C3C0D2-E566-4267-81D5-4EC2960185CB}.Ad-Hoc|Any CPU.Deploy.0 = Ad-Hoc|iPhone
		{26C3C0D2-E566-4267-81D5-4EC2960185CB}.Ad-Hoc|ARM.ActiveCfg = Ad-Hoc|iPhone
		{26C3C0D2-E566-4267-81D5-4EC2960185CB}.Ad-Hoc|ARM.Build.0 = Ad-Hoc|iPhone
		{26C3C0D2-E566-4267-81D5-4EC2960185CB}.Ad-Hoc|ARM.Deploy.0 = Ad-Hoc|iPhone
		{26C3C0D2-E566-4267-81D5-4EC2960185CB}.Ad-Hoc|iPhone.ActiveCfg = Ad-Hoc|iPhone
		{26C3C0D2-E566-4267-81D5-4EC2960185CB}.Ad-Hoc|iPhone.Build.0 = Ad-Hoc|iPhone
		{26C3C0D2-E566-4267-81D5-4EC2960185CB}.Ad-Hoc|iPhone.Deploy.0 = Ad-Hoc|iPhone
		{26C3C0D2-E566-4267-81D5-4EC2960185CB}.Ad-Hoc|iPhoneSimulator.ActiveCfg = Ad-Hoc|iPhoneSimulator
		{26C3C0D2-E566-4267-81D5-4EC2960185CB}.Ad-Hoc|iPhoneSimulator.Build.0 = Ad-Hoc|iPhoneSimulator
		{26C3C0D2-E566-4267-81D5-4EC2960185CB}.Ad-Hoc|iPhoneSimulator.Deploy.0 = Ad-Hoc|iPhoneSimulator
		{26C3C0D2-E566-4267-81D5-4EC2960185CB}.Ad-Hoc|x64.ActiveCfg = Ad-Hoc|iPhone
		{26C3C0D2-E566-4267-81D5-4EC2960185CB}.Ad-Hoc|x64.Build.0 = Ad-Hoc|iPhone
		{26C3C0D2-E566-4267-81D5-4EC2960185CB}.Ad-Hoc|x64.Deploy.0 = Ad-Hoc|iPhone
		{26C3C0D2-E566-4267-81D5-4EC2960185CB}.Ad-Hoc|x86.ActiveCfg = Ad-Hoc|iPhone
		{26C3C0D2-E566-4267-81D5-4EC2960185CB}.Ad-Hoc|x86.Build.0 = Ad-Hoc|iPhone
		{26C3C0D2-E566-4267-81D5-4EC2960185CB}.Ad-Hoc|x86.Deploy.0 = Ad-Hoc|iPhone
		{26C3C0D2-E566-4267-81D5-4EC2960185CB}.AppStore|Any CPU.ActiveCfg = AppStore|iPhone
		{26C3C0D2-E566-4267-81D5-4EC2960185CB}.AppStore|Any CPU.Build.0 = AppStore|iPhone
		{26C3C0D2-E566-4267-81D5-4EC2960185CB}.AppStore|Any CPU.Deploy.0 = AppStore|iPhone
		{26C3C0D2-E566-4267-81D5-4EC2960185CB}.AppStore|ARM.ActiveCfg = AppStore|iPhone
		{26C3C0D2-E566-4267-81D5-4EC2960185CB}.AppStore|ARM.Build.0 = AppStore|iPhone
		{26C3C0D2-E566-4267-81D5-4EC2960185CB}.AppStore|ARM.Deploy.0 = AppStore|iPhone
		{26C3C0D2-E566-4267-81D5-4EC2960185CB}.AppStore|iPhone.ActiveCfg = AppStore|iPhone
		{26C3C0D2-E566-4267-81D5-4EC2960185CB}.AppStore|iPhone.Build.0 = AppStore|iPhone
		{26C3C0D2-E566-4267-81D5-4EC2960185CB}.AppStore|iPhone.Deploy.0 = AppStore|iPhone
		{26C3C0D2-E566-4267-81D5-4EC2960185CB}.AppStore|iPhoneSimulator.ActiveCfg = AppStore|iPhoneSimulator
		{26C3C0D2-E566-4267-81D5-4EC2960185CB}.AppStore|iPhoneSimulator.Build.0 = AppStore|iPhoneSimulator
		{26C3C0D2-E566-4267-81D5-4EC2960185CB}.AppStore|iPhoneSimulator.Deploy.0 = AppStore|iPhoneSimulator
		{26C3C0D2-E566-4267-81D5-4EC2960185CB}.AppStore|x64.ActiveCfg = AppStore|iPhone
		{26C3C0D2-E566-4267-81D5-4EC2960185CB}.AppStore|x64.Build.0 = AppStore|iPhone
		{26C3C0D2-E566-4267-81D5-4EC2960185CB}.AppStore|x64.Deploy.0 = AppStore|iPhone
		{26C3C0D2-E566-4267-81D5-4EC2960185CB}.AppStore|x86.ActiveCfg = AppStore|iPhone
		{26C3C0D2-E566-4267-81D5-4EC2960185CB}.AppStore|x86.Build.0 = AppStore|iPhone
		{26C3C0D2-E566-4267-81D5-4EC2960185CB}.AppStore|x86.Deploy.0 = AppStore|iPhone
		{26C3C0D2-E566-4267-81D5-4EC2960185CB}.Debug|Any CPU.ActiveCfg = Debug|iPhoneSimulator
		{26C3C0D2-E566-4267-81D5-4EC2960185CB}.Debug|Any CPU.Build.0 = Debug|iPhoneSimulator
		{26C3C0D2-E566-4267-81D5-4EC2960185CB}.Debug|Any CPU.Deploy.0 = Debug|iPhoneSimulator
		{26C3C0D2-E566-4267-81D5-4EC2960185CB}.Debug|ARM.ActiveCfg = Debug|iPhone
		{26C3C0D2-E566-4267-81D5-4EC2960185CB}.Debug|ARM.Build.0 = Debug|iPhone
		{26C3C0D2-E566-4267-81D5-4EC2960185CB}.Debug|ARM.Deploy.0 = Debug|iPhone
		{26C3C0D2-E566-4267-81D5-4EC2960185CB}.Debug|iPhone.ActiveCfg = Debug|iPhone
		{26C3C0D2-E566-4267-81D5-4EC2960185CB}.Debug|iPhone.Build.0 = Debug|iPhone
		{26C3C0D2-E566-4267-81D5-4EC2960185CB}.Debug|iPhone.Deploy.0 = Debug|iPhone
		{26C3C0D2-E566-4267-81D5-4EC2960185CB}.Debug|iPhoneSimulator.ActiveCfg = Debug|iPhoneSimulator
		{26C3C0D2-E566-4267-81D5-4EC2960185CB}.Debug|iPhoneSimulator.Build.0 = Debug|iPhoneSimulator
		{26C3C0D2-E566-4267-81D5-4EC2960185CB}.Debug|iPhoneSimulator.Deploy.0 = Debug|iPhoneSimulator
		{26C3C0D2-E566-4267-81D5-4EC2960185CB}.Debug|x64.ActiveCfg = Debug|iPhone
		{26C3C0D2-E566-4267-81D5-4EC2960185CB}.Debug|x64.Build.0 = Debug|iPhone
		{26C3C0D2-E566-4267-81D5-4EC2960185CB}.Debug|x64.Deploy.0 = Debug|iPhone
		{26C3C0D2-E566-4267-81D5-4EC2960185CB}.Debug|x86.ActiveCfg = Debug|iPhone
		{26C3C0D2-E566-4267-81D5-4EC2960185CB}.Debug|x86.Build.0 = Debug|iPhone
		{26C3C0D2-E566-4267-81D5-4EC2960185CB}.Debug|x86.Deploy.0 = Debug|iPhone
		{26C3C0D2-E566-4267-81D5-4EC2960185CB}.Release|Any CPU.ActiveCfg = Release|iPhone
		{26C3C0D2-E566-4267-81D5-4EC2960185CB}.Release|Any CPU.Build.0 = Release|iPhone
		{26C3C0D2-E566-4267-81D5-4EC2960185CB}.Release|Any CPU.Deploy.0 = Release|iPhone
		{26C3C0D2-E566-4267-81D5-4EC2960185CB}.Release|ARM.ActiveCfg = Release|iPhone
		{26C3C0D2-E566-4267-81D5-4EC2960185CB}.Release|ARM.Build.0 = Release|iPhone
		{26C3C0D2-E566-4267-81D5-4EC2960185CB}.Release|ARM.Deploy.0 = Release|iPhone
		{26C3C0D2-E566-4267-81D5-4EC2960185CB}.Release|iPhone.ActiveCfg = Release|iPhone
		{26C3C0D2-E566-4267-81D5-4EC2960185CB}.Release|iPhone.Build.0 = Release|iPhone
		{26C3C0D2-E566-4267-81D5-4EC2960185CB}.Release|iPhone.Deploy.0 = Release|iPhone
		{26C3C0D2-E566-4267-81D5-4EC2960185CB}.Release|iPhoneSimulator.ActiveCfg = Release|iPhoneSimulator
		{26C3C0D2-E566-4267-81D5-4EC2960185CB}.Release|iPhoneSimulator.Build.0 = Release|iPhoneSimulator
		{26C3C0D2-E566-4267-81D5-4EC2960185CB}.Release|iPhoneSimulator.Deploy.0 = Release|iPhoneSimulator
		{26C3C0D2-E566-4267-81D5-4EC2960185CB}.Release|x64.ActiveCfg = Release|iPhone
		{26C3C0D2-E566-4267-81D5-4EC2960185CB}.Release|x64.Build.0 = Release|iPhone
		{26C3C0D2-E566-4267-81D5-4EC2960185CB}.Release|x64.Deploy.0 = Release|iPhone
		{26C3C0D2-E566-4267-81D5-4EC2960185CB}.Release|x86.ActiveCfg = Release|iPhone
		{26C3C0D2-E566-4267-81D5-4EC2960185CB}.Release|x86.Build.0 = Release|iPhone
		{26C3C0D2-E566-4267-81D5-4EC2960185CB}.Release|x86.Deploy.0 = Release|iPhone
		{DE122B20-C9C2-422F-BD61-9538B475874D}.Ad-Hoc|Any CPU.ActiveCfg = Debug|Any CPU
		{DE122B20-C9C2-422F-BD61-9538B475874D}.Ad-Hoc|Any CPU.Build.0 = Debug|Any CPU
		{DE122B20-C9C2-422F-BD61-9538B475874D}.Ad-Hoc|Any CPU.Deploy.0 = Debug|Any CPU
		{DE122B20-C9C2-422F-BD61-9538B475874D}.Ad-Hoc|ARM.ActiveCfg = Debug|Any CPU
		{DE122B20-C9C2-422F-BD61-9538B475874D}.Ad-Hoc|ARM.Build.0 = Debug|Any CPU
		{DE122B20-C9C2-422F-BD61-9538B475874D}.Ad-Hoc|ARM.Deploy.0 = Debug|Any CPU
		{DE122B20-C9C2-422F-BD61-9538B475874D}.Ad-Hoc|iPhone.ActiveCfg = Debug|Any CPU
		{DE122B20-C9C2-422F-BD61-9538B475874D}.Ad-Hoc|iPhone.Build.0 = Debug|Any CPU
		{DE122B20-C9C2-422F-BD61-9538B475874D}.Ad-Hoc|iPhone.Deploy.0 = Debug|Any CPU
		{DE122B20-C9C2-422F-BD61-9538B475874D}.Ad-Hoc|iPhoneSimulator.ActiveCfg = Debug|Any CPU
		{DE122B20-C9C2-422F-BD61-9538B475874D}.Ad-Hoc|iPhoneSimulator.Build.0 = Debug|Any CPU
		{DE122B20-C9C2-422F-BD61-9538B475874D}.Ad-Hoc|iPhoneSimulator.Deploy.0 = Debug|Any CPU
		{DE122B20-C9C2-422F-BD61-9538B475874D}.Ad-Hoc|x64.ActiveCfg = Debug|Any CPU
		{DE122B20-C9C2-422F-BD61-9538B475874D}.Ad-Hoc|x64.Build.0 = Debug|Any CPU
		{DE122B20-C9C2-422F-BD61-9538B475874D}.Ad-Hoc|x64.Deploy.0 = Debug|Any CPU
		{DE122B20-C9C2-422F-BD61-9538B475874D}.Ad-Hoc|x86.ActiveCfg = Debug|Any CPU
		{DE122B20-C9C2-422F-BD61-9538B475874D}.Ad-Hoc|x86.Build.0 = Debug|Any CPU
		{DE122B20-C9C2-422F-BD61-9538B475874D}.Ad-Hoc|x86.Deploy.0 = Debug|Any CPU
		{DE122B20-C9C2-422F-BD61-9538B475874D}.AppStore|Any CPU.ActiveCfg = Debug|Any CPU
		{DE122B20-C9C2-422F-BD61-9538B475874D}.AppStore|Any CPU.Build.0 = Debug|Any CPU
		{DE122B20-C9C2-422F-BD61-9538B475874D}.AppStore|Any CPU.Deploy.0 = Debug|Any CPU
		{DE122B20-C9C2-422F-BD61-9538B475874D}.AppStore|ARM.ActiveCfg = Debug|Any CPU
		{DE122B20-C9C2-422F-BD61-9538B475874D}.AppStore|ARM.Build.0 = Debug|Any CPU
		{DE122B20-C9C2-422F-BD61-9538B475874D}.AppStore|ARM.Deploy.0 = Debug|Any CPU
		{DE122B20-C9C2-422F-BD61-9538B475874D}.AppStore|iPhone.ActiveCfg = Debug|Any CPU
		{DE122B20-C9C2-422F-BD61-9538B475874D}.AppStore|iPhone.Build.0 = Debug|Any CPU
		{DE122B20-C9C2-422F-BD61-9538B475874D}.AppStore|iPhone.Deploy.0 = Debug|Any CPU
		{DE122B20-C9C2-422F-BD61-9538B475874D}.AppStore|iPhoneSimulator.ActiveCfg = Debug|Any CPU
		{DE122B20-C9C2-422F-BD61-9538B475874D}.AppStore|iPhoneSimulator.Build.0 = Debug|Any CPU
		{DE122B20-C9C2-422F-BD61-9538B475874D}.AppStore|iPhoneSimulator.Deploy.0 = Debug|Any CPU
		{DE122B20-C9C2-422F-BD61-9538B475874D}.AppStore|x64.ActiveCfg = Debug|Any CPU
		{DE122B20-C9C2-422F-BD61-9538B475874D}.AppStore|x64.Build.0 = Debug|Any CPU
		{DE122B20-C9C2-422F-BD61-9538B475874D}.AppStore|x64.Deploy.0 = Debug|Any CPU
		{DE122B20-C9C2-422F-BD61-9538B475874D}.AppStore|x86.ActiveCfg = Debug|Any CPU
		{DE122B20-C9C2-422F-BD61-9538B475874D}.AppStore|x86.Build.0 = Debug|Any CPU
		{DE122B20-C9C2-422F-BD61-9538B475874D}.AppStore|x86.Deploy.0 = Debug|Any CPU
		{DE122B20-C9C2-422F-BD61-9538B475874D}.Debug|Any CPU.ActiveCfg = Debug|Any CPU
		{DE122B20-C9C2-422F-BD61-9538B475874D}.Debug|Any CPU.Build.0 = Debug|Any CPU
		{DE122B20-C9C2-422F-BD61-9538B475874D}.Debug|Any CPU.Deploy.0 = Debug|Any CPU
		{DE122B20-C9C2-422F-BD61-9538B475874D}.Debug|ARM.ActiveCfg = Debug|Any CPU
		{DE122B20-C9C2-422F-BD61-9538B475874D}.Debug|ARM.Build.0 = Debug|Any CPU
		{DE122B20-C9C2-422F-BD61-9538B475874D}.Debug|ARM.Deploy.0 = Debug|Any CPU
		{DE122B20-C9C2-422F-BD61-9538B475874D}.Debug|iPhone.ActiveCfg = Debug|Any CPU
		{DE122B20-C9C2-422F-BD61-9538B475874D}.Debug|iPhone.Build.0 = Debug|Any CPU
		{DE122B20-C9C2-422F-BD61-9538B475874D}.Debug|iPhone.Deploy.0 = Debug|Any CPU
		{DE122B20-C9C2-422F-BD61-9538B475874D}.Debug|iPhoneSimulator.ActiveCfg = Debug|Any CPU
		{DE122B20-C9C2-422F-BD61-9538B475874D}.Debug|iPhoneSimulator.Build.0 = Debug|Any CPU
		{DE122B20-C9C2-422F-BD61-9538B475874D}.Debug|iPhoneSimulator.Deploy.0 = Debug|Any CPU
		{DE122B20-C9C2-422F-BD61-9538B475874D}.Debug|x64.ActiveCfg = Debug|Any CPU
		{DE122B20-C9C2-422F-BD61-9538B475874D}.Debug|x64.Build.0 = Debug|Any CPU
		{DE122B20-C9C2-422F-BD61-9538B475874D}.Debug|x64.Deploy.0 = Debug|Any CPU
		{DE122B20-C9C2-422F-BD61-9538B475874D}.Debug|x86.ActiveCfg = Debug|Any CPU
		{DE122B20-C9C2-422F-BD61-9538B475874D}.Debug|x86.Build.0 = Debug|Any CPU
		{DE122B20-C9C2-422F-BD61-9538B475874D}.Debug|x86.Deploy.0 = Debug|Any CPU
		{DE122B20-C9C2-422F-BD61-9538B475874D}.Release|Any CPU.ActiveCfg = Release|Any CPU
		{DE122B20-C9C2-422F-BD61-9538B475874D}.Release|Any CPU.Build.0 = Release|Any CPU
		{DE122B20-C9C2-422F-BD61-9538B475874D}.Release|Any CPU.Deploy.0 = Release|Any CPU
		{DE122B20-C9C2-422F-BD61-9538B475874D}.Release|ARM.ActiveCfg = Release|Any CPU
		{DE122B20-C9C2-422F-BD61-9538B475874D}.Release|ARM.Build.0 = Release|Any CPU
		{DE122B20-C9C2-422F-BD61-9538B475874D}.Release|ARM.Deploy.0 = Release|Any CPU
		{DE122B20-C9C2-422F-BD61-9538B475874D}.Release|iPhone.ActiveCfg = Release|Any CPU
		{DE122B20-C9C2-422F-BD61-9538B475874D}.Release|iPhone.Build.0 = Release|Any CPU
		{DE122B20-C9C2-422F-BD61-9538B475874D}.Release|iPhone.Deploy.0 = Release|Any CPU
		{DE122B20-C9C2-422F-BD61-9538B475874D}.Release|iPhoneSimulator.ActiveCfg = Release|Any CPU
		{DE122B20-C9C2-422F-BD61-9538B475874D}.Release|iPhoneSimulator.Build.0 = Release|Any CPU
		{DE122B20-C9C2-422F-BD61-9538B475874D}.Release|iPhoneSimulator.Deploy.0 = Release|Any CPU
		{DE122B20-C9C2-422F-BD61-9538B475874D}.Release|x64.ActiveCfg = Release|Any CPU
		{DE122B20-C9C2-422F-BD61-9538B475874D}.Release|x64.Build.0 = Release|Any CPU
		{DE122B20-C9C2-422F-BD61-9538B475874D}.Release|x64.Deploy.0 = Release|Any CPU
		{DE122B20-C9C2-422F-BD61-9538B475874D}.Release|x86.ActiveCfg = Release|Any CPU
		{DE122B20-C9C2-422F-BD61-9538B475874D}.Release|x86.Build.0 = Release|Any CPU
		{DE122B20-C9C2-422F-BD61-9538B475874D}.Release|x86.Deploy.0 = Release|Any CPU
		{05821C89-1937-46A9-86B3-F4192AC3A9C9}.Ad-Hoc|Any CPU.ActiveCfg = Release|Any CPU
		{05821C89-1937-46A9-86B3-F4192AC3A9C9}.Ad-Hoc|Any CPU.Build.0 = Release|Any CPU
		{05821C89-1937-46A9-86B3-F4192AC3A9C9}.Ad-Hoc|ARM.ActiveCfg = Release|Any CPU
		{05821C89-1937-46A9-86B3-F4192AC3A9C9}.Ad-Hoc|ARM.Build.0 = Release|Any CPU
		{05821C89-1937-46A9-86B3-F4192AC3A9C9}.Ad-Hoc|iPhone.ActiveCfg = Release|Any CPU
		{05821C89-1937-46A9-86B3-F4192AC3A9C9}.Ad-Hoc|iPhone.Build.0 = Release|Any CPU
		{05821C89-1937-46A9-86B3-F4192AC3A9C9}.Ad-Hoc|iPhoneSimulator.ActiveCfg = Release|Any CPU
		{05821C89-1937-46A9-86B3-F4192AC3A9C9}.Ad-Hoc|iPhoneSimulator.Build.0 = Release|Any CPU
		{05821C89-1937-46A9-86B3-F4192AC3A9C9}.Ad-Hoc|x64.ActiveCfg = Release|Any CPU
		{05821C89-1937-46A9-86B3-F4192AC3A9C9}.Ad-Hoc|x64.Build.0 = Release|Any CPU
		{05821C89-1937-46A9-86B3-F4192AC3A9C9}.Ad-Hoc|x86.ActiveCfg = Release|Any CPU
		{05821C89-1937-46A9-86B3-F4192AC3A9C9}.Ad-Hoc|x86.Build.0 = Release|Any CPU
		{05821C89-1937-46A9-86B3-F4192AC3A9C9}.AppStore|Any CPU.ActiveCfg = Release|Any CPU
		{05821C89-1937-46A9-86B3-F4192AC3A9C9}.AppStore|Any CPU.Build.0 = Release|Any CPU
		{05821C89-1937-46A9-86B3-F4192AC3A9C9}.AppStore|ARM.ActiveCfg = Release|Any CPU
		{05821C89-1937-46A9-86B3-F4192AC3A9C9}.AppStore|ARM.Build.0 = Release|Any CPU
		{05821C89-1937-46A9-86B3-F4192AC3A9C9}.AppStore|iPhone.ActiveCfg = Release|Any CPU
		{05821C89-1937-46A9-86B3-F4192AC3A9C9}.AppStore|iPhone.Build.0 = Release|Any CPU
		{05821C89-1937-46A9-86B3-F4192AC3A9C9}.AppStore|iPhoneSimulator.ActiveCfg = Release|Any CPU
		{05821C89-1937-46A9-86B3-F4192AC3A9C9}.AppStore|iPhoneSimulator.Build.0 = Release|Any CPU
		{05821C89-1937-46A9-86B3-F4192AC3A9C9}.AppStore|x64.ActiveCfg = Release|Any CPU
		{05821C89-1937-46A9-86B3-F4192AC3A9C9}.AppStore|x64.Build.0 = Release|Any CPU
		{05821C89-1937-46A9-86B3-F4192AC3A9C9}.AppStore|x86.ActiveCfg = Release|Any CPU
		{05821C89-1937-46A9-86B3-F4192AC3A9C9}.AppStore|x86.Build.0 = Release|Any CPU
		{05821C89-1937-46A9-86B3-F4192AC3A9C9}.Debug|Any CPU.ActiveCfg = Debug|Any CPU
		{05821C89-1937-46A9-86B3-F4192AC3A9C9}.Debug|Any CPU.Build.0 = Debug|Any CPU
		{05821C89-1937-46A9-86B3-F4192AC3A9C9}.Debug|ARM.ActiveCfg = Debug|Any CPU
		{05821C89-1937-46A9-86B3-F4192AC3A9C9}.Debug|ARM.Build.0 = Debug|Any CPU
		{05821C89-1937-46A9-86B3-F4192AC3A9C9}.Debug|iPhone.ActiveCfg = Debug|Any CPU
		{05821C89-1937-46A9-86B3-F4192AC3A9C9}.Debug|iPhone.Build.0 = Debug|Any CPU
		{05821C89-1937-46A9-86B3-F4192AC3A9C9}.Debug|iPhoneSimulator.ActiveCfg = Debug|Any CPU
		{05821C89-1937-46A9-86B3-F4192AC3A9C9}.Debug|iPhoneSimulator.Build.0 = Debug|Any CPU
		{05821C89-1937-46A9-86B3-F4192AC3A9C9}.Debug|x64.ActiveCfg = Debug|Any CPU
		{05821C89-1937-46A9-86B3-F4192AC3A9C9}.Debug|x64.Build.0 = Debug|Any CPU
		{05821C89-1937-46A9-86B3-F4192AC3A9C9}.Debug|x86.ActiveCfg = Debug|Any CPU
		{05821C89-1937-46A9-86B3-F4192AC3A9C9}.Debug|x86.Build.0 = Debug|Any CPU
		{05821C89-1937-46A9-86B3-F4192AC3A9C9}.Release|Any CPU.ActiveCfg = Release|Any CPU
		{05821C89-1937-46A9-86B3-F4192AC3A9C9}.Release|Any CPU.Build.0 = Release|Any CPU
		{05821C89-1937-46A9-86B3-F4192AC3A9C9}.Release|ARM.ActiveCfg = Release|Any CPU
		{05821C89-1937-46A9-86B3-F4192AC3A9C9}.Release|ARM.Build.0 = Release|Any CPU
		{05821C89-1937-46A9-86B3-F4192AC3A9C9}.Release|iPhone.ActiveCfg = Release|Any CPU
		{05821C89-1937-46A9-86B3-F4192AC3A9C9}.Release|iPhone.Build.0 = Release|Any CPU
		{05821C89-1937-46A9-86B3-F4192AC3A9C9}.Release|iPhoneSimulator.ActiveCfg = Release|Any CPU
		{05821C89-1937-46A9-86B3-F4192AC3A9C9}.Release|iPhoneSimulator.Build.0 = Release|Any CPU
		{05821C89-1937-46A9-86B3-F4192AC3A9C9}.Release|x64.ActiveCfg = Release|Any CPU
		{05821C89-1937-46A9-86B3-F4192AC3A9C9}.Release|x64.Build.0 = Release|Any CPU
		{05821C89-1937-46A9-86B3-F4192AC3A9C9}.Release|x86.ActiveCfg = Release|Any CPU
		{05821C89-1937-46A9-86B3-F4192AC3A9C9}.Release|x86.Build.0 = Release|Any CPU
		{536030BC-9FE4-4F83-A80F-AD40C2B7367C}.Ad-Hoc|Any CPU.ActiveCfg = Release|Any CPU
		{536030BC-9FE4-4F83-A80F-AD40C2B7367C}.Ad-Hoc|Any CPU.Build.0 = Release|Any CPU
		{536030BC-9FE4-4F83-A80F-AD40C2B7367C}.Ad-Hoc|ARM.ActiveCfg = Release|Any CPU
		{536030BC-9FE4-4F83-A80F-AD40C2B7367C}.Ad-Hoc|ARM.Build.0 = Release|Any CPU
		{536030BC-9FE4-4F83-A80F-AD40C2B7367C}.Ad-Hoc|iPhone.ActiveCfg = Release|Any CPU
		{536030BC-9FE4-4F83-A80F-AD40C2B7367C}.Ad-Hoc|iPhone.Build.0 = Release|Any CPU
		{536030BC-9FE4-4F83-A80F-AD40C2B7367C}.Ad-Hoc|iPhoneSimulator.ActiveCfg = Release|Any CPU
		{536030BC-9FE4-4F83-A80F-AD40C2B7367C}.Ad-Hoc|iPhoneSimulator.Build.0 = Release|Any CPU
		{536030BC-9FE4-4F83-A80F-AD40C2B7367C}.Ad-Hoc|x64.ActiveCfg = Release|Any CPU
		{536030BC-9FE4-4F83-A80F-AD40C2B7367C}.Ad-Hoc|x64.Build.0 = Release|Any CPU
		{536030BC-9FE4-4F83-A80F-AD40C2B7367C}.Ad-Hoc|x86.ActiveCfg = Release|Any CPU
		{536030BC-9FE4-4F83-A80F-AD40C2B7367C}.Ad-Hoc|x86.Build.0 = Release|Any CPU
		{536030BC-9FE4-4F83-A80F-AD40C2B7367C}.AppStore|Any CPU.ActiveCfg = Release|Any CPU
		{536030BC-9FE4-4F83-A80F-AD40C2B7367C}.AppStore|Any CPU.Build.0 = Release|Any CPU
		{536030BC-9FE4-4F83-A80F-AD40C2B7367C}.AppStore|ARM.ActiveCfg = Release|Any CPU
		{536030BC-9FE4-4F83-A80F-AD40C2B7367C}.AppStore|ARM.Build.0 = Release|Any CPU
		{536030BC-9FE4-4F83-A80F-AD40C2B7367C}.AppStore|iPhone.ActiveCfg = Release|Any CPU
		{536030BC-9FE4-4F83-A80F-AD40C2B7367C}.AppStore|iPhone.Build.0 = Release|Any CPU
		{536030BC-9FE4-4F83-A80F-AD40C2B7367C}.AppStore|iPhoneSimulator.ActiveCfg = Release|Any CPU
		{536030BC-9FE4-4F83-A80F-AD40C2B7367C}.AppStore|iPhoneSimulator.Build.0 = Release|Any CPU
		{536030BC-9FE4-4F83-A80F-AD40C2B7367C}.AppStore|x64.ActiveCfg = Release|Any CPU
		{536030BC-9FE4-4F83-A80F-AD40C2B7367C}.AppStore|x64.Build.0 = Release|Any CPU
		{536030BC-9FE4-4F83-A80F-AD40C2B7367C}.AppStore|x86.ActiveCfg = Release|Any CPU
		{536030BC-9FE4-4F83-A80F-AD40C2B7367C}.AppStore|x86.Build.0 = Release|Any CPU
		{536030BC-9FE4-4F83-A80F-AD40C2B7367C}.Debug|Any CPU.ActiveCfg = Debug|Any CPU
		{536030BC-9FE4-4F83-A80F-AD40C2B7367C}.Debug|Any CPU.Build.0 = Debug|Any CPU
		{536030BC-9FE4-4F83-A80F-AD40C2B7367C}.Debug|ARM.ActiveCfg = Debug|Any CPU
		{536030BC-9FE4-4F83-A80F-AD40C2B7367C}.Debug|ARM.Build.0 = Debug|Any CPU
		{536030BC-9FE4-4F83-A80F-AD40C2B7367C}.Debug|iPhone.ActiveCfg = Debug|Any CPU
		{536030BC-9FE4-4F83-A80F-AD40C2B7367C}.Debug|iPhone.Build.0 = Debug|Any CPU
		{536030BC-9FE4-4F83-A80F-AD40C2B7367C}.Debug|iPhoneSimulator.ActiveCfg = Debug|Any CPU
		{536030BC-9FE4-4F83-A80F-AD40C2B7367C}.Debug|iPhoneSimulator.Build.0 = Debug|Any CPU
		{536030BC-9FE4-4F83-A80F-AD40C2B7367C}.Debug|x64.ActiveCfg = Debug|Any CPU
		{536030BC-9FE4-4F83-A80F-AD40C2B7367C}.Debug|x64.Build.0 = Debug|Any CPU
		{536030BC-9FE4-4F83-A80F-AD40C2B7367C}.Debug|x86.ActiveCfg = Debug|Any CPU
		{536030BC-9FE4-4F83-A80F-AD40C2B7367C}.Debug|x86.Build.0 = Debug|Any CPU
		{536030BC-9FE4-4F83-A80F-AD40C2B7367C}.Release|Any CPU.ActiveCfg = Release|Any CPU
		{536030BC-9FE4-4F83-A80F-AD40C2B7367C}.Release|Any CPU.Build.0 = Release|Any CPU
		{536030BC-9FE4-4F83-A80F-AD40C2B7367C}.Release|ARM.ActiveCfg = Release|Any CPU
		{536030BC-9FE4-4F83-A80F-AD40C2B7367C}.Release|ARM.Build.0 = Release|Any CPU
		{536030BC-9FE4-4F83-A80F-AD40C2B7367C}.Release|iPhone.ActiveCfg = Release|Any CPU
		{536030BC-9FE4-4F83-A80F-AD40C2B7367C}.Release|iPhone.Build.0 = Release|Any CPU
		{536030BC-9FE4-4F83-A80F-AD40C2B7367C}.Release|iPhoneSimulator.ActiveCfg = Release|Any CPU
		{536030BC-9FE4-4F83-A80F-AD40C2B7367C}.Release|iPhoneSimulator.Build.0 = Release|Any CPU
		{536030BC-9FE4-4F83-A80F-AD40C2B7367C}.Release|x64.ActiveCfg = Release|Any CPU
		{536030BC-9FE4-4F83-A80F-AD40C2B7367C}.Release|x64.Build.0 = Release|Any CPU
		{536030BC-9FE4-4F83-A80F-AD40C2B7367C}.Release|x86.ActiveCfg = Release|Any CPU
		{536030BC-9FE4-4F83-A80F-AD40C2B7367C}.Release|x86.Build.0 = Release|Any CPU
		{A4672076-1870-48C8-BA40-6B3CE06DDE1C}.Ad-Hoc|Any CPU.ActiveCfg = Release|Any CPU
		{A4672076-1870-48C8-BA40-6B3CE06DDE1C}.Ad-Hoc|Any CPU.Build.0 = Release|Any CPU
		{A4672076-1870-48C8-BA40-6B3CE06DDE1C}.Ad-Hoc|ARM.ActiveCfg = Release|Any CPU
		{A4672076-1870-48C8-BA40-6B3CE06DDE1C}.Ad-Hoc|ARM.Build.0 = Release|Any CPU
		{A4672076-1870-48C8-BA40-6B3CE06DDE1C}.Ad-Hoc|iPhone.ActiveCfg = Release|Any CPU
		{A4672076-1870-48C8-BA40-6B3CE06DDE1C}.Ad-Hoc|iPhone.Build.0 = Release|Any CPU
		{A4672076-1870-48C8-BA40-6B3CE06DDE1C}.Ad-Hoc|iPhoneSimulator.ActiveCfg = Release|Any CPU
		{A4672076-1870-48C8-BA40-6B3CE06DDE1C}.Ad-Hoc|iPhoneSimulator.Build.0 = Release|Any CPU
		{A4672076-1870-48C8-BA40-6B3CE06DDE1C}.Ad-Hoc|x64.ActiveCfg = Release|Any CPU
		{A4672076-1870-48C8-BA40-6B3CE06DDE1C}.Ad-Hoc|x64.Build.0 = Release|Any CPU
		{A4672076-1870-48C8-BA40-6B3CE06DDE1C}.Ad-Hoc|x86.ActiveCfg = Release|Any CPU
		{A4672076-1870-48C8-BA40-6B3CE06DDE1C}.Ad-Hoc|x86.Build.0 = Release|Any CPU
		{A4672076-1870-48C8-BA40-6B3CE06DDE1C}.AppStore|Any CPU.ActiveCfg = Release|Any CPU
		{A4672076-1870-48C8-BA40-6B3CE06DDE1C}.AppStore|Any CPU.Build.0 = Release|Any CPU
		{A4672076-1870-48C8-BA40-6B3CE06DDE1C}.AppStore|ARM.ActiveCfg = Release|Any CPU
		{A4672076-1870-48C8-BA40-6B3CE06DDE1C}.AppStore|ARM.Build.0 = Release|Any CPU
		{A4672076-1870-48C8-BA40-6B3CE06DDE1C}.AppStore|iPhone.ActiveCfg = Release|Any CPU
		{A4672076-1870-48C8-BA40-6B3CE06DDE1C}.AppStore|iPhone.Build.0 = Release|Any CPU
		{A4672076-1870-48C8-BA40-6B3CE06DDE1C}.AppStore|iPhoneSimulator.ActiveCfg = Release|Any CPU
		{A4672076-1870-48C8-BA40-6B3CE06DDE1C}.AppStore|iPhoneSimulator.Build.0 = Release|Any CPU
		{A4672076-1870-48C8-BA40-6B3CE06DDE1C}.AppStore|x64.ActiveCfg = Release|Any CPU
		{A4672076-1870-48C8-BA40-6B3CE06DDE1C}.AppStore|x64.Build.0 = Release|Any CPU
		{A4672076-1870-48C8-BA40-6B3CE06DDE1C}.AppStore|x86.ActiveCfg = Release|Any CPU
		{A4672076-1870-48C8-BA40-6B3CE06DDE1C}.AppStore|x86.Build.0 = Release|Any CPU
		{A4672076-1870-48C8-BA40-6B3CE06DDE1C}.Debug|Any CPU.ActiveCfg = Debug|Any CPU
		{A4672076-1870-48C8-BA40-6B3CE06DDE1C}.Debug|Any CPU.Build.0 = Debug|Any CPU
		{A4672076-1870-48C8-BA40-6B3CE06DDE1C}.Debug|ARM.ActiveCfg = Debug|Any CPU
		{A4672076-1870-48C8-BA40-6B3CE06DDE1C}.Debug|ARM.Build.0 = Debug|Any CPU
		{A4672076-1870-48C8-BA40-6B3CE06DDE1C}.Debug|iPhone.ActiveCfg = Debug|Any CPU
		{A4672076-1870-48C8-BA40-6B3CE06DDE1C}.Debug|iPhone.Build.0 = Debug|Any CPU
		{A4672076-1870-48C8-BA40-6B3CE06DDE1C}.Debug|iPhoneSimulator.ActiveCfg = Debug|Any CPU
		{A4672076-1870-48C8-BA40-6B3CE06DDE1C}.Debug|iPhoneSimulator.Build.0 = Debug|Any CPU
		{A4672076-1870-48C8-BA40-6B3CE06DDE1C}.Debug|x64.ActiveCfg = Debug|Any CPU
		{A4672076-1870-48C8-BA40-6B3CE06DDE1C}.Debug|x64.Build.0 = Debug|Any CPU
		{A4672076-1870-48C8-BA40-6B3CE06DDE1C}.Debug|x86.ActiveCfg = Debug|Any CPU
		{A4672076-1870-48C8-BA40-6B3CE06DDE1C}.Debug|x86.Build.0 = Debug|Any CPU
		{A4672076-1870-48C8-BA40-6B3CE06DDE1C}.Release|Any CPU.ActiveCfg = Release|Any CPU
		{A4672076-1870-48C8-BA40-6B3CE06DDE1C}.Release|Any CPU.Build.0 = Release|Any CPU
		{A4672076-1870-48C8-BA40-6B3CE06DDE1C}.Release|ARM.ActiveCfg = Release|Any CPU
		{A4672076-1870-48C8-BA40-6B3CE06DDE1C}.Release|ARM.Build.0 = Release|Any CPU
		{A4672076-1870-48C8-BA40-6B3CE06DDE1C}.Release|iPhone.ActiveCfg = Release|Any CPU
		{A4672076-1870-48C8-BA40-6B3CE06DDE1C}.Release|iPhone.Build.0 = Release|Any CPU
		{A4672076-1870-48C8-BA40-6B3CE06DDE1C}.Release|iPhoneSimulator.ActiveCfg = Release|Any CPU
		{A4672076-1870-48C8-BA40-6B3CE06DDE1C}.Release|iPhoneSimulator.Build.0 = Release|Any CPU
		{A4672076-1870-48C8-BA40-6B3CE06DDE1C}.Release|x64.ActiveCfg = Release|Any CPU
		{A4672076-1870-48C8-BA40-6B3CE06DDE1C}.Release|x64.Build.0 = Release|Any CPU
		{A4672076-1870-48C8-BA40-6B3CE06DDE1C}.Release|x86.ActiveCfg = Release|Any CPU
		{A4672076-1870-48C8-BA40-6B3CE06DDE1C}.Release|x86.Build.0 = Release|Any CPU
		{0042CE51-0A91-4BBB-A7DA-3C90520A88D3}.Ad-Hoc|Any CPU.ActiveCfg = Release|Any CPU
		{0042CE51-0A91-4BBB-A7DA-3C90520A88D3}.Ad-Hoc|Any CPU.Build.0 = Release|Any CPU
		{0042CE51-0A91-4BBB-A7DA-3C90520A88D3}.Ad-Hoc|ARM.ActiveCfg = Release|Any CPU
		{0042CE51-0A91-4BBB-A7DA-3C90520A88D3}.Ad-Hoc|ARM.Build.0 = Release|Any CPU
		{0042CE51-0A91-4BBB-A7DA-3C90520A88D3}.Ad-Hoc|iPhone.ActiveCfg = Release|Any CPU
		{0042CE51-0A91-4BBB-A7DA-3C90520A88D3}.Ad-Hoc|iPhone.Build.0 = Release|Any CPU
		{0042CE51-0A91-4BBB-A7DA-3C90520A88D3}.Ad-Hoc|iPhoneSimulator.ActiveCfg = Release|Any CPU
		{0042CE51-0A91-4BBB-A7DA-3C90520A88D3}.Ad-Hoc|iPhoneSimulator.Build.0 = Release|Any CPU
		{0042CE51-0A91-4BBB-A7DA-3C90520A88D3}.Ad-Hoc|x64.ActiveCfg = Release|Any CPU
		{0042CE51-0A91-4BBB-A7DA-3C90520A88D3}.Ad-Hoc|x64.Build.0 = Release|Any CPU
		{0042CE51-0A91-4BBB-A7DA-3C90520A88D3}.Ad-Hoc|x86.ActiveCfg = Release|Any CPU
		{0042CE51-0A91-4BBB-A7DA-3C90520A88D3}.Ad-Hoc|x86.Build.0 = Release|Any CPU
		{0042CE51-0A91-4BBB-A7DA-3C90520A88D3}.AppStore|Any CPU.ActiveCfg = Release|Any CPU
		{0042CE51-0A91-4BBB-A7DA-3C90520A88D3}.AppStore|Any CPU.Build.0 = Release|Any CPU
		{0042CE51-0A91-4BBB-A7DA-3C90520A88D3}.AppStore|ARM.ActiveCfg = Release|Any CPU
		{0042CE51-0A91-4BBB-A7DA-3C90520A88D3}.AppStore|ARM.Build.0 = Release|Any CPU
		{0042CE51-0A91-4BBB-A7DA-3C90520A88D3}.AppStore|iPhone.ActiveCfg = Release|Any CPU
		{0042CE51-0A91-4BBB-A7DA-3C90520A88D3}.AppStore|iPhone.Build.0 = Release|Any CPU
		{0042CE51-0A91-4BBB-A7DA-3C90520A88D3}.AppStore|iPhoneSimulator.ActiveCfg = Release|Any CPU
		{0042CE51-0A91-4BBB-A7DA-3C90520A88D3}.AppStore|iPhoneSimulator.Build.0 = Release|Any CPU
		{0042CE51-0A91-4BBB-A7DA-3C90520A88D3}.AppStore|x64.ActiveCfg = Release|Any CPU
		{0042CE51-0A91-4BBB-A7DA-3C90520A88D3}.AppStore|x64.Build.0 = Release|Any CPU
		{0042CE51-0A91-4BBB-A7DA-3C90520A88D3}.AppStore|x86.ActiveCfg = Release|Any CPU
		{0042CE51-0A91-4BBB-A7DA-3C90520A88D3}.AppStore|x86.Build.0 = Release|Any CPU
		{0042CE51-0A91-4BBB-A7DA-3C90520A88D3}.Debug|Any CPU.ActiveCfg = Debug|Any CPU
		{0042CE51-0A91-4BBB-A7DA-3C90520A88D3}.Debug|Any CPU.Build.0 = Debug|Any CPU
		{0042CE51-0A91-4BBB-A7DA-3C90520A88D3}.Debug|ARM.ActiveCfg = Debug|Any CPU
		{0042CE51-0A91-4BBB-A7DA-3C90520A88D3}.Debug|ARM.Build.0 = Debug|Any CPU
		{0042CE51-0A91-4BBB-A7DA-3C90520A88D3}.Debug|iPhone.ActiveCfg = Debug|Any CPU
		{0042CE51-0A91-4BBB-A7DA-3C90520A88D3}.Debug|iPhone.Build.0 = Debug|Any CPU
		{0042CE51-0A91-4BBB-A7DA-3C90520A88D3}.Debug|iPhoneSimulator.ActiveCfg = Debug|Any CPU
		{0042CE51-0A91-4BBB-A7DA-3C90520A88D3}.Debug|iPhoneSimulator.Build.0 = Debug|Any CPU
		{0042CE51-0A91-4BBB-A7DA-3C90520A88D3}.Debug|x64.ActiveCfg = Debug|Any CPU
		{0042CE51-0A91-4BBB-A7DA-3C90520A88D3}.Debug|x64.Build.0 = Debug|Any CPU
		{0042CE51-0A91-4BBB-A7DA-3C90520A88D3}.Debug|x86.ActiveCfg = Debug|Any CPU
		{0042CE51-0A91-4BBB-A7DA-3C90520A88D3}.Debug|x86.Build.0 = Debug|Any CPU
		{0042CE51-0A91-4BBB-A7DA-3C90520A88D3}.Release|Any CPU.ActiveCfg = Release|Any CPU
		{0042CE51-0A91-4BBB-A7DA-3C90520A88D3}.Release|Any CPU.Build.0 = Release|Any CPU
		{0042CE51-0A91-4BBB-A7DA-3C90520A88D3}.Release|ARM.ActiveCfg = Release|Any CPU
		{0042CE51-0A91-4BBB-A7DA-3C90520A88D3}.Release|ARM.Build.0 = Release|Any CPU
		{0042CE51-0A91-4BBB-A7DA-3C90520A88D3}.Release|iPhone.ActiveCfg = Release|Any CPU
		{0042CE51-0A91-4BBB-A7DA-3C90520A88D3}.Release|iPhone.Build.0 = Release|Any CPU
		{0042CE51-0A91-4BBB-A7DA-3C90520A88D3}.Release|iPhoneSimulator.ActiveCfg = Release|Any CPU
		{0042CE51-0A91-4BBB-A7DA-3C90520A88D3}.Release|iPhoneSimulator.Build.0 = Release|Any CPU
		{0042CE51-0A91-4BBB-A7DA-3C90520A88D3}.Release|x64.ActiveCfg = Release|Any CPU
		{0042CE51-0A91-4BBB-A7DA-3C90520A88D3}.Release|x64.Build.0 = Release|Any CPU
		{0042CE51-0A91-4BBB-A7DA-3C90520A88D3}.Release|x86.ActiveCfg = Release|Any CPU
		{0042CE51-0A91-4BBB-A7DA-3C90520A88D3}.Release|x86.Build.0 = Release|Any CPU
	EndGlobalSection
	GlobalSection(SolutionProperties) = preSolution
		HideSolutionNode = FALSE
	EndGlobalSection
	GlobalSection(ExtensibilityGlobals) = postSolution
		SolutionGuid = {13609AE6-FD07-4E91-B9D0-C0640AD26C3C}
	EndGlobalSection
EndGlobal
